
Microsoft Visual Studio Solution File, Format Version 12.00
# Visual Studio 15
VisualStudioVersion = 15.0.28010.2048
MinimumVisualStudioVersion = 10.0.40219.1
Project("{FAE04EC0-301F-11D3-BF4B-00C04F79EFBC}") = "BankaData", "BankaData\BankaData.csproj", "{1C6F7C3A-D020-44B7-A2A6-F0824EAAB702}"
EndProject
Project("{FAE04EC0-301F-11D3-BF4B-00C04F79EFBC}") = "BankaDAL", "BankaDAL\BankaDAL.csproj", "{A7B8B826-CA6B-435C-AF22-01FD61A98AE1}"
EndProject
Project("{FAE04EC0-301F-11D3-BF4B-00C04F79EFBC}") = "Banka.HttpService", "BankaAPP\Banka.HttpService.csproj", "{35679579-92AA-4FE7-AC50-E0F8B2DDD038}"
	ProjectSection(ProjectDependencies) = postProject
		{A7B8B826-CA6B-435C-AF22-01FD61A98AE1} = {A7B8B826-CA6B-435C-AF22-01FD61A98AE1}
		{1C6F7C3A-D020-44B7-A2A6-F0824EAAB702} = {1C6F7C3A-D020-44B7-A2A6-F0824EAAB702}
	EndProjectSection
EndProject
Global
	GlobalSection(SolutionConfigurationPlatforms) = preSolution
		Debug|Any CPU = Debug|Any CPU
		Release|Any CPU = Release|Any CPU
	EndGlobalSection
	GlobalSection(ProjectConfigurationPlatforms) = postSolution
		{1C6F7C3A-D020-44B7-A2A6-F0824EAAB702}.Debug|Any CPU.ActiveCfg = Debug|Any CPU
		{1C6F7C3A-D020-44B7-A2A6-F0824EAAB702}.Debug|Any CPU.Build.0 = Debug|Any CPU
		{1C6F7C3A-D020-44B7-A2A6-F0824EAAB702}.Release|Any CPU.ActiveCfg = Release|Any CPU
		{1C6F7C3A-D020-44B7-A2A6-F0824EAAB702}.Release|Any CPU.Build.0 = Release|Any CPU
		{A7B8B826-CA6B-435C-AF22-01FD61A98AE1}.Debug|Any CPU.ActiveCfg = Debug|Any CPU
		{A7B8B826-CA6B-435C-AF22-01FD61A98AE1}.Debug|Any CPU.Build.0 = Debug|Any CPU
		{A7B8B826-CA6B-435C-AF22-01FD61A98AE1}.Release|Any CPU.ActiveCfg = Release|Any CPU
		{A7B8B826-CA6B-435C-AF22-01FD61A98AE1}.Release|Any CPU.Build.0 = Release|Any CPU
		{35679579-92AA-4FE7-AC50-E0F8B2DDD038}.Debug|Any CPU.ActiveCfg = Debug|Any CPU
		{35679579-92AA-4FE7-AC50-E0F8B2DDD038}.Debug|Any CPU.Build.0 = Debug|Any CPU
		{35679579-92AA-4FE7-AC50-E0F8B2DDD038}.Release|Any CPU.ActiveCfg = Release|Any CPU
		{35679579-92AA-4FE7-AC50-E0F8B2DDD038}.Release|Any CPU.Build.0 = Release|Any CPU
	EndGlobalSection
	GlobalSection(SolutionProperties) = preSolution
		HideSolutionNode = FALSE
	EndGlobalSection
	GlobalSection(ExtensibilityGlobals) = postSolution
		SolutionGuid = {D3CDA7FA-AFAD-4EE4-99AF-5B3ABFC1CEDE}
	EndGlobalSection
EndGlobal
